
Microsoft Visual Studio Solution File, Format Version 12.00
# Visual Studio Version 17
VisualStudioVersion = 17.7.34202.233
MinimumVisualStudioVersion = 10.0.40219.1
Project("{FAE04EC0-301F-11D3-BF4B-00C04F79EFBC}") = "TagokDesktop", "TagokDesktop\TagokDesktop.csproj", "{CE6226D3-D51E-4965-8E8D-22D2429EEF0D}"
EndProject
Global
	GlobalSection(SolutionConfigurationPlatforms) = preSolution
		Debug|Any CPU = Debug|Any CPU
		Release|Any CPU = Release|Any CPU
	EndGlobalSection
	GlobalSection(ProjectConfigurationPlatforms) = postSolution
		{CE6226D3-D51E-4965-8E8D-22D2429EEF0D}.Debug|Any CPU.ActiveCfg = Debug|Any CPU
		{CE6226D3-D51E-4965-8E8D-22D2429EEF0D}.Debug|Any CPU.Build.0 = Debug|Any CPU
		{CE6226D3-D51E-4965-8E8D-22D2429EEF0D}.Release|Any CPU.ActiveCfg = Release|Any CPU
		{CE6226D3-D51E-4965-8E8D-22D2429EEF0D}.Release|Any CPU.Build.0 = Release|Any CPU
	EndGlobalSection
	GlobalSection(SolutionProperties) = preSolution
		HideSolutionNode = FALSE
	EndGlobalSection
	GlobalSection(ExtensibilityGlobals) = postSolution
		SolutionGuid = {9DEB9255-7381-45DB-B59A-4BC209C97918}
	EndGlobalSection
EndGlobal
